
Microsoft Visual Studio Solution File, Format Version 12.00
# Visual Studio 15
VisualStudioVersion = 15.0.27004.2008
MinimumVisualStudioVersion = 10.0.40219.1
Project("{CC5FD16D-436D-48AD-A40C-5A424C6E3E79}") = "AzureCloudServiceTeamProject", "AzureCloudServiceTeamProject\AzureCloudServiceTeamProject.ccproj", "{DEF14A2D-72DE-4F36-83D2-895842A42275}"
EndProject
Project("{FAE04EC0-301F-11D3-BF4B-00C04F79EFBC}") = "MyTeamWorkerRole", "MyTeamWorkerRole\MyTeamWorkerRole.csproj", "{3E31A26D-B056-4F94-8225-DF6E42D65DC0}"
EndProject
Global
	GlobalSection(SolutionConfigurationPlatforms) = preSolution
		Debug|Any CPU = Debug|Any CPU
		Release|Any CPU = Release|Any CPU
	EndGlobalSection
	GlobalSection(ProjectConfigurationPlatforms) = postSolution
		{DEF14A2D-72DE-4F36-83D2-895842A42275}.Debug|Any CPU.ActiveCfg = Debug|Any CPU
		{DEF14A2D-72DE-4F36-83D2-895842A42275}.Debug|Any CPU.Build.0 = Debug|Any CPU
		{DEF14A2D-72DE-4F36-83D2-895842A42275}.Release|Any CPU.ActiveCfg = Release|Any CPU
		{DEF14A2D-72DE-4F36-83D2-895842A42275}.Release|Any CPU.Build.0 = Release|Any CPU
		{3E31A26D-B056-4F94-8225-DF6E42D65DC0}.Debug|Any CPU.ActiveCfg = Debug|Any CPU
		{3E31A26D-B056-4F94-8225-DF6E42D65DC0}.Debug|Any CPU.Build.0 = Debug|Any CPU
		{3E31A26D-B056-4F94-8225-DF6E42D65DC0}.Release|Any CPU.ActiveCfg = Release|Any CPU
		{3E31A26D-B056-4F94-8225-DF6E42D65DC0}.Release|Any CPU.Build.0 = Release|Any CPU
	EndGlobalSection
	GlobalSection(SolutionProperties) = preSolution
		HideSolutionNode = FALSE
	EndGlobalSection
	GlobalSection(ExtensibilityGlobals) = postSolution
		SolutionGuid = {4BBA71A3-058C-4F10-AF9C-C7B51BC37C57}
	EndGlobalSection
EndGlobal
